PODS:
  - FMDB (2.6.2):
    - FMDB/standard (= 2.6.2)
  - FMDB/standard (2.6.2)
  - Masonry (1.0.2)
  - ReactiveCocoa (2.1.8):
    - ReactiveCocoa/Core (= 2.1.8)
    - ReactiveCocoa/no-arc (= 2.1.8)
  - ReactiveCocoa/Core (2.1.8):
    - ReactiveCocoa/no-arc
  - ReactiveCocoa/no-arc (2.1.8)
  - RKDropdownAlert (0.3.0)
  - YYModel (1.0.4)

DEPENDENCIES:
  - FMDB
  - Masonry
  - ReactiveCocoa (~> 2.1.8)
  - RKDropdownAlert (~> 0.3.0)
  - YYModel

SPEC CHECKSUMS:
  FMDB: 854a0341b4726e53276f2a8996f06f1b80f9259a
  Masonry: 7c429b56da9d4ee0bbb3ed77a5ea710d6a5df39e
  ReactiveCocoa: f89f2e009a87951b50321bf9feb958823fcc617e
  RKDropdownAlert: f4b3364c251829ad439dc666836a1f2dad26f4c7
  YYModel: 2a7fdd96aaa4b86a824e26d0c517de8928c04b30

PODFILE CHECKSUM: e6b9af4d4722f2c93c117cee441b93ae15a3b813

COCOAPODS: 1.1.1
