// !$*UTF8*$!
{
	archiveVersion = 1;
	classes = {
	};
	objectVersion = 46;
	objects = {

/* Begin PBXBuildFile section */
		D204BFD81E1D026400FBA898 /* HLBaseViewController.m in Sources */ = {isa = PBXBuildFile; fileRef = D204BFD71E1D026400FBA898 /* HLBaseViewController.m */; };
		D204BFDE1E1D02FA00FBA898 /* HLNavigationViewController.m in Sources */ = {isa = PBXBuildFile; fileRef = D204BFDD1E1D02FA00FBA898 /* HLNavigationViewController.m */; };
		D204BFE21E1D040400FBA898 /* HLColor.m in Sources */ = {isa = PBXBuildFile; fileRef = D204BFE11E1D040400FBA898 /* HLColor.m */; };
		D204BFE51E1D041500FBA898 /* HLFont.m in Sources */ = {isa = PBXBuildFile; fileRef = D204BFE41E1D041500FBA898 /* HLFont.m */; };
		D223A7291E13A67F00371658 /* main.m in Sources */ = {isa = PBXBuildFile; fileRef = D223A7281E13A67F00371658 /* main.m */; };
		D223A72C1E13A67F00371658 /* HLAppDelegate.m in Sources */ = {isa = PBXBuildFile; fileRef = D223A72B1E13A67F00371658 /* HLAppDelegate.m */; };
		D223A7321E13A67F00371658 /* Main.storyboard in Resources */ = {isa = PBXBuildFile; fileRef = D223A7301E13A67F00371658 /* Main.storyboard */; };
		D223A7341E13A67F00371658 /* Assets.xcassets in Resources */ = {isa = PBXBuildFile; fileRef = D223A7331E13A67F00371658 /* Assets.xcassets */; };
		D223A7371E13A67F00371658 /* LaunchScreen.storyboard in Resources */ = {isa = PBXBuildFile; fileRef = D223A7351E13A67F00371658 /* LaunchScreen.storyboard */; };
		D223A7421E13A67F00371658 /* onlyforyouTests.m in Sources */ = {isa = PBXBuildFile; fileRef = D223A7411E13A67F00371658 /* onlyforyouTests.m */; };
		D223A74D1E13A67F00371658 /* onlyforyouUITests.m in Sources */ = {isa = PBXBuildFile; fileRef = D223A74C1E13A67F00371658 /* onlyforyouUITests.m */; };
		D2BDCE041E1E28060010FD6E /* HLBaseDB.m in Sources */ = {isa = PBXBuildFile; fileRef = D2BDCE031E1E28060010FD6E /* HLBaseDB.m */; };
		D2BDCE071E1E35130010FD6E /* HLTableVersionDB.m in Sources */ = {isa = PBXBuildFile; fileRef = D2BDCE061E1E35130010FD6E /* HLTableVersionDB.m */; };
		D2BDCE151E1E3CC10010FD6E /* HLOrderListViewController.m in Sources */ = {isa = PBXBuildFile; fileRef = D2BDCE0F1E1E3CC10010FD6E /* HLOrderListViewController.m */; };
		D2BDCE161E1E3CC10010FD6E /* HLOrder.m in Sources */ = {isa = PBXBuildFile; fileRef = D2BDCE131E1E3CC10010FD6E /* HLOrder.m */; };
		D2BDCE191E1E3CDA0010FD6E /* HLOrderDB.m in Sources */ = {isa = PBXBuildFile; fileRef = D2BDCE181E1E3CDA0010FD6E /* HLOrderDB.m */; };
		D2BDCE1C1E1E41F80010FD6E /* HLSession.m in Sources */ = {isa = PBXBuildFile; fileRef = D2BDCE1B1E1E41F80010FD6E /* HLSession.m */; };
		FD42C606D341F641FF204754 /* libPods-onlyforyou.a in Frameworks */ = {isa = PBXBuildFile; fileRef = F42604EF3EADF31D7C8DACC7 /* libPods-onlyforyou.a */; };
/* End PBXBuildFile section */

/* Begin PBXContainerItemProxy section */
		D223A73E1E13A67F00371658 /* PBXContainerItemProxy */ = {
			isa = PBXContainerItemProxy;
			containerPortal = D223A71C1E13A67F00371658 /* Project object */;
			proxyType = 1;
			remoteGlobalIDString = D223A7231E13A67F00371658;
			remoteInfo = onlyforyou;
		};
		D223A7491E13A67F00371658 /* PBXContainerItemProxy */ = {
			isa = PBXContainerItemProxy;
			containerPortal = D223A71C1E13A67F00371658 /* Project object */;
			proxyType = 1;
			remoteGlobalIDString = D223A7231E13A67F00371658;
			remoteInfo = onlyforyou;
		};
/* End PBXContainerItemProxy section */

/* Begin PBXFileReference section */
		1FE2F2C93CC53399A10C6785 /* Pods-onlyforyou.release.xcconfig */ = {isa = PBXFileReference; includeInIndex = 1; lastKnownFileType = text.xcconfig; name = "Pods-onlyforyou.release.xcconfig"; path = "Pods/Target Support Files/Pods-onlyforyou/Pods-onlyforyou.release.xcconfig"; sourceTree = "<group>"; };
		AC1FFCC6E85EC5E7FF42E371 /* Pods-onlyforyou.debug.xcconfig */ = {isa = PBXFileReference; includeInIndex = 1; lastKnownFileType = text.xcconfig; name = "Pods-onlyforyou.debug.xcconfig"; path = "Pods/Target Support Files/Pods-onlyforyou/Pods-onlyforyou.debug.xcconfig"; sourceTree = "<group>"; };
		D204BFD31E1D009D00FBA898 /* HLMacro.h */ = {isa = PBXFileReference; fileEncoding = 4; lastKnownFileType = sourcecode.c.h; path = HLMacro.h; sourceTree = "<group>"; };
		D204BFD41E1D00B800FBA898 /* HLPrefix.pch */ = {isa = PBXFileReference; fileEncoding = 4; lastKnownFileType = sourcecode.c.h; path = HLPrefix.pch; sourceTree = "<group>"; };
		D204BFD61E1D026400FBA898 /* HLBaseViewController.h */ = {isa = PBXFileReference; fileEncoding = 4; lastKnownFileType = sourcecode.c.h; path = HLBaseViewController.h; sourceTree = "<group>"; };
		D204BFD71E1D026400FBA898 /* HLBaseViewController.m */ = {isa = PBXFileReference; fileEncoding = 4; lastKnownFileType = sourcecode.c.objc; path = HLBaseViewController.m; sourceTree = "<group>"; };
		D204BFDC1E1D02FA00FBA898 /* HLNavigationViewController.h */ = {isa = PBXFileReference; fileEncoding = 4; lastKnownFileType = sourcecode.c.h; path = HLNavigationViewController.h; sourceTree = "<group>"; };
		D204BFDD1E1D02FA00FBA898 /* HLNavigationViewController.m */ = {isa = PBXFileReference; fileEncoding = 4; lastKnownFileType = sourcecode.c.objc; path = HLNavigationViewController.m; sourceTree = "<group>"; };
		D204BFE01E1D040400FBA898 /* HLColor.h */ = {isa = PBXFileReference; fileEncoding = 4; lastKnownFileType = sourcecode.c.h; path = HLColor.h; sourceTree = "<group>"; };
		D204BFE11E1D040400FBA898 /* HLColor.m */ = {isa = PBXFileReference; fileEncoding = 4; lastKnownFileType = sourcecode.c.objc; path = HLColor.m; sourceTree = "<group>"; };
		D204BFE31E1D041500FBA898 /* HLFont.h */ = {isa = PBXFileReference; fileEncoding = 4; lastKnownFileType = sourcecode.c.h; path = HLFont.h; sourceTree = "<group>"; };
		D204BFE41E1D041500FBA898 /* HLFont.m */ = {isa = PBXFileReference; fileEncoding = 4; lastKnownFileType = sourcecode.c.objc; path = HLFont.m; sourceTree = "<group>"; };
		D223A7241E13A67F00371658 /* onlyforyou.app */ = {isa = PBXFileReference; explicitFileType = wrapper.application; includeInIndex = 0; path = onlyforyou.app; sourceTree = BUILT_PRODUCTS_DIR; };
		D223A7281E13A67F00371658 /* main.m */ = {isa = PBXFileReference; lastKnownFileType = sourcecode.c.objc; path = main.m; sourceTree = "<group>"; };
		D223A72A1E13A67F00371658 /* HLAppDelegate.h */ = {isa = PBXFileReference; lastKnownFileType = sourcecode.c.h; name = HLAppDelegate.h; path = ../HLAppDelegate.h; sourceTree = "<group>"; };
		D223A72B1E13A67F00371658 /* HLAppDelegate.m */ = {isa = PBXFileReference; lastKnownFileType = sourcecode.c.objc; name = HLAppDelegate.m; path = ../HLAppDelegate.m; sourceTree = "<group>"; };
		D223A7311E13A67F00371658 /* Base */ = {isa = PBXFileReference; lastKnownFileType = file.storyboard; name = Base; path = Base.lproj/Main.storyboard; sourceTree = "<group>"; };
		D223A7331E13A67F00371658 /* Assets.xcassets */ = {isa = PBXFileReference; lastKnownFileType = folder.assetcatalog; path = Assets.xcassets; sourceTree = "<group>"; };
		D223A7361E13A67F00371658 /* Base */ = {isa = PBXFileReference; lastKnownFileType = file.storyboard; name = Base; path = Base.lproj/LaunchScreen.storyboard; sourceTree = "<group>"; };
		D223A7381E13A67F00371658 /* Info.plist */ = {isa = PBXFileReference; lastKnownFileType = text.plist.xml; path = Info.plist; sourceTree = "<group>"; };
		D223A73D1E13A67F00371658 /* onlyforyouTests.xctest */ = {isa = PBXFileReference; explicitFileType = wrapper.cfbundle; includeInIndex = 0; path = onlyforyouTests.xctest; sourceTree = BUILT_PRODUCTS_DIR; };
		D223A7411E13A67F00371658 /* onlyforyouTests.m */ = {isa = PBXFileReference; lastKnownFileType = sourcecode.c.objc; path = onlyforyouTests.m; sourceTree = "<group>"; };
		D223A7431E13A67F00371658 /* Info.plist */ = {isa = PBXFileReference; lastKnownFileType = text.plist.xml; path = Info.plist; sourceTree = "<group>"; };
		D223A7481E13A67F00371658 /* onlyforyouUITests.xctest */ = {isa = PBXFileReference; explicitFileType = wrapper.cfbundle; includeInIndex = 0; path = onlyforyouUITests.xctest; sourceTree = BUILT_PRODUCTS_DIR; };
		D223A74C1E13A67F00371658 /* onlyforyouUITests.m */ = {isa = PBXFileReference; lastKnownFileType = sourcecode.c.objc; path = onlyforyouUITests.m; sourceTree = "<group>"; };
		D223A74E1E13A67F00371658 /* Info.plist */ = {isa = PBXFileReference; lastKnownFileType = text.plist.xml; path = Info.plist; sourceTree = "<group>"; };
		D2BDCE021E1E28060010FD6E /* HLBaseDB.h */ = {isa = PBXFileReference; fileEncoding = 4; lastKnownFileType = sourcecode.c.h; path = HLBaseDB.h; sourceTree = "<group>"; };
		D2BDCE031E1E28060010FD6E /* HLBaseDB.m */ = {isa = PBXFileReference; fileEncoding = 4; lastKnownFileType = sourcecode.c.objc; path = HLBaseDB.m; sourceTree = "<group>"; };
		D2BDCE051E1E35130010FD6E /* HLTableVersionDB.h */ = {isa = PBXFileReference; fileEncoding = 4; lastKnownFileType = sourcecode.c.h; path = HLTableVersionDB.h; sourceTree = "<group>"; };
		D2BDCE061E1E35130010FD6E /* HLTableVersionDB.m */ = {isa = PBXFileReference; fileEncoding = 4; lastKnownFileType = sourcecode.c.objc; path = HLTableVersionDB.m; sourceTree = "<group>"; };
		D2BDCE0E1E1E3CC10010FD6E /* HLOrderListViewController.h */ = {isa = PBXFileReference; fileEncoding = 4; lastKnownFileType = sourcecode.c.h; path = HLOrderListViewController.h; sourceTree = "<group>"; };
		D2BDCE0F1E1E3CC10010FD6E /* HLOrderListViewController.m */ = {isa = PBXFileReference; fileEncoding = 4; lastKnownFileType = sourcecode.c.objc; path = HLOrderListViewController.m; sourceTree = "<group>"; };
		D2BDCE121E1E3CC10010FD6E /* HLOrder.h */ = {isa = PBXFileReference; fileEncoding = 4; lastKnownFileType = sourcecode.c.h; path = HLOrder.h; sourceTree = "<group>"; };
		D2BDCE131E1E3CC10010FD6E /* HLOrder.m */ = {isa = PBXFileReference; fileEncoding = 4; lastKnownFileType = sourcecode.c.objc; path = HLOrder.m; sourceTree = "<group>"; };
		D2BDCE171E1E3CDA0010FD6E /* HLOrderDB.h */ = {isa = PBXFileReference; fileEncoding = 4; lastKnownFileType = sourcecode.c.h; path = HLOrderDB.h; sourceTree = "<group>"; };
		D2BDCE181E1E3CDA0010FD6E /* HLOrderDB.m */ = {isa = PBXFileReference; fileEncoding = 4; lastKnownFileType = sourcecode.c.objc; path = HLOrderDB.m; sourceTree = "<group>"; };
		D2BDCE1A1E1E41F80010FD6E /* HLSession.h */ = {isa = PBXFileReference; fileEncoding = 4; lastKnownFileType = sourcecode.c.h; path = HLSession.h; sourceTree = "<group>"; };
		D2BDCE1B1E1E41F80010FD6E /* HLSession.m */ = {isa = PBXFileReference; fileEncoding = 4; lastKnownFileType = sourcecode.c.objc; path = HLSession.m; sourceTree = "<group>"; };
		F42604EF3EADF31D7C8DACC7 /* libPods-onlyforyou.a */ = {isa = PBXFileReference; explicitFileType = archive.ar; includeInIndex = 0; path = "libPods-onlyforyou.a"; sourceTree = BUILT_PRODUCTS_DIR; };
/* End PBXFileReference section */

/* Begin PBXFrameworksBuildPhase section */
		D223A7211E13A67F00371658 /* Frameworks */ = {
			isa = PBXFrameworksBuildPhase;
			buildActionMask = 2147483647;
			files = (
				FD42C606D341F641FF204754 /* libPods-onlyforyou.a in Frameworks */,
			);
			runOnlyForDeploymentPostprocessing = 0;
		};
		D223A73A1E13A67F00371658 /* Frameworks */ = {
			isa = PBXFrameworksBuildPhase;
			buildActionMask = 2147483647;
			files = (
			);
			runOnlyForDeploymentPostprocessing = 0;
		};
		D223A7451E13A67F00371658 /* Frameworks */ = {
			isa = PBXFrameworksBuildPhase;
			buildActionMask = 2147483647;
			files = (
			);
			runOnlyForDeploymentPostprocessing = 0;
		};
/* End PBXFrameworksBuildPhase section */

/* Begin PBXGroup section */
		06BB6454BEC182B2326D5793 /* Frameworks */ = {
			isa = PBXGroup;
			children = (
				F42604EF3EADF31D7C8DACC7 /* libPods-onlyforyou.a */,
			);
			name = Frameworks;
			sourceTree = "<group>";
		};
		35E6F42B2CEAFB13EC11742C /* Pods */ = {
			isa = PBXGroup;
			children = (
				AC1FFCC6E85EC5E7FF42E371 /* Pods-onlyforyou.debug.xcconfig */,
				1FE2F2C93CC53399A10C6785 /* Pods-onlyforyou.release.xcconfig */,
			);
			name = Pods;
			sourceTree = "<group>";
		};
		D204BFD51E1D024900FBA898 /* view */ = {
			isa = PBXGroup;
			children = (
				D204BFD61E1D026400FBA898 /* HLBaseViewController.h */,
				D204BFD71E1D026400FBA898 /* HLBaseViewController.m */,
				D204BFDC1E1D02FA00FBA898 /* HLNavigationViewController.h */,
				D204BFDD1E1D02FA00FBA898 /* HLNavigationViewController.m */,
			);
			path = view;
			sourceTree = "<group>";
		};
		D204BFDF1E1D03EC00FBA898 /* tools */ = {
			isa = PBXGroup;
			children = (
				D204BFE01E1D040400FBA898 /* HLColor.h */,
				D204BFE11E1D040400FBA898 /* HLColor.m */,
				D204BFE31E1D041500FBA898 /* HLFont.h */,
				D204BFE41E1D041500FBA898 /* HLFont.m */,
			);
			path = tools;
			sourceTree = "<group>";
		};
		D204BFE81E1D07F600FBA898 /* components */ = {
			isa = PBXGroup;
			children = (
			);
			path = components;
			sourceTree = "<group>";
		};
		D223A71B1E13A67F00371658 = {
			isa = PBXGroup;
			children = (
				D223A7261E13A67F00371658 /* onlyforyou */,
				D223A7401E13A67F00371658 /* onlyforyouTests */,
				D223A74B1E13A67F00371658 /* onlyforyouUITests */,
				D223A7251E13A67F00371658 /* Products */,
				35E6F42B2CEAFB13EC11742C /* Pods */,
				06BB6454BEC182B2326D5793 /* Frameworks */,
			);
			sourceTree = "<group>";
		};
		D223A7251E13A67F00371658 /* Products */ = {
			isa = PBXGroup;
			children = (
				D223A7241E13A67F00371658 /* onlyforyou.app */,
				D223A73D1E13A67F00371658 /* onlyforyouTests.xctest */,
				D223A7481E13A67F00371658 /* onlyforyouUITests.xctest */,
			);
			name = Products;
			sourceTree = "<group>";
		};
		D223A7261E13A67F00371658 /* onlyforyou */ = {
			isa = PBXGroup;
			children = (
				D2BDCE0C1E1E3CC10010FD6E /* order */,
				D230F6171E14FD4400AB391E /* root */,
				D230F6161E14FD3600AB391E /* public */,
				D223A7301E13A67F00371658 /* Main.storyboard */,
				D223A7331E13A67F00371658 /* Assets.xcassets */,
				D223A7351E13A67F00371658 /* LaunchScreen.storyboard */,
				D223A7381E13A67F00371658 /* Info.plist */,
				D223A7271E13A67F00371658 /* Supporting Files */,
			);
			path = onlyforyou;
			sourceTree = "<group>";
		};
		D223A7271E13A67F00371658 /* Supporting Files */ = {
			isa = PBXGroup;
			children = (
				D223A7281E13A67F00371658 /* main.m */,
				D204BFD31E1D009D00FBA898 /* HLMacro.h */,
				D204BFD41E1D00B800FBA898 /* HLPrefix.pch */,
			);
			name = "Supporting Files";
			sourceTree = "<group>";
		};
		D223A7401E13A67F00371658 /* onlyforyouTests */ = {
			isa = PBXGroup;
			children = (
				D223A7411E13A67F00371658 /* onlyforyouTests.m */,
				D223A7431E13A67F00371658 /* Info.plist */,
			);
			path = onlyforyouTests;
			sourceTree = "<group>";
		};
		D223A74B1E13A67F00371658 /* onlyforyouUITests */ = {
			isa = PBXGroup;
			children = (
				D223A74C1E13A67F00371658 /* onlyforyouUITests.m */,
				D223A74E1E13A67F00371658 /* Info.plist */,
			);
			path = onlyforyouUITests;
			sourceTree = "<group>";
		};
		D230F6161E14FD3600AB391E /* public */ = {
			isa = PBXGroup;
			children = (
				D2BDCE011E1E27EF0010FD6E /* db */,
				D204BFE81E1D07F600FBA898 /* components */,
				D204BFDF1E1D03EC00FBA898 /* tools */,
				D204BFD51E1D024900FBA898 /* view */,
				D2BDCE1A1E1E41F80010FD6E /* HLSession.h */,
				D2BDCE1B1E1E41F80010FD6E /* HLSession.m */,
			);
			path = public;
			sourceTree = "<group>";
		};
		D230F6171E14FD4400AB391E /* root */ = {
			isa = PBXGroup;
			children = (
				D223A72A1E13A67F00371658 /* HLAppDelegate.h */,
				D223A72B1E13A67F00371658 /* HLAppDelegate.m */,
			);
			path = root;
			sourceTree = "<group>";
		};
		D2BDCE011E1E27EF0010FD6E /* db */ = {
			isa = PBXGroup;
			children = (
				D2BDCE021E1E28060010FD6E /* HLBaseDB.h */,
				D2BDCE031E1E28060010FD6E /* HLBaseDB.m */,
				D2BDCE051E1E35130010FD6E /* HLTableVersionDB.h */,
				D2BDCE061E1E35130010FD6E /* HLTableVersionDB.m */,
			);
			path = db;
			sourceTree = "<group>";
		};
		D2BDCE0C1E1E3CC10010FD6E /* order */ = {
			isa = PBXGroup;
			children = (
				D2BDCE0D1E1E3CC10010FD6E /* controller */,
				D2BDCE101E1E3CC10010FD6E /* db */,
				D2BDCE111E1E3CC10010FD6E /* model */,
				D2BDCE141E1E3CC10010FD6E /* viewModel */,
			);
			path = order;
			sourceTree = "<group>";
		};
		D2BDCE0D1E1E3CC10010FD6E /* controller */ = {
			isa = PBXGroup;
			children = (
				D2BDCE0E1E1E3CC10010FD6E /* HLOrderListViewController.h */,
				D2BDCE0F1E1E3CC10010FD6E /* HLOrderListViewController.m */,
			);
			path = controller;
			sourceTree = "<group>";
		};
		D2BDCE101E1E3CC10010FD6E /* db */ = {
			isa = PBXGroup;
			children = (
				D2BDCE171E1E3CDA0010FD6E /* HLOrderDB.h */,
				D2BDCE181E1E3CDA0010FD6E /* HLOrderDB.m */,
			);
			path = db;
			sourceTree = "<group>";
		};
		D2BDCE111E1E3CC10010FD6E /* model */ = {
			isa = PBXGroup;
			children = (
				D2BDCE121E1E3CC10010FD6E /* HLOrder.h */,
				D2BDCE131E1E3CC10010FD6E /* HLOrder.m */,
			);
			path = model;
			sourceTree = "<group>";
		};
		D2BDCE141E1E3CC10010FD6E /* viewModel */ = {
			isa = PBXGroup;
			children = (
			);
			path = viewModel;
			sourceTree = "<group>";
		};
/* End PBXGroup section */

/* Begin PBXNativeTarget section */
		D223A7231E13A67F00371658 /* onlyforyou */ = {
			isa = PBXNativeTarget;
			buildConfigurationList = D223A7511E13A67F00371658 /* Build configuration list for PBXNativeTarget "onlyforyou" */;
			buildPhases = (
				2E2F15519BA1B7CCFBB0FC60 /* [CP] Check Pods Manifest.lock */,
				D223A7201E13A67F00371658 /* Sources */,
				D223A7211E13A67F00371658 /* Frameworks */,
				D223A7221E13A67F00371658 /* Resources */,
				A36B87818CA9ACD954E6D216 /* [CP] Embed Pods Frameworks */,
				09CB3C3FFB74EDB86F14830A /* [CP] Copy Pods Resources */,
			);
			buildRules = (
			);
			dependencies = (
			);
			name = onlyforyou;
			productName = onlyforyou;
			productReference = D223A7241E13A67F00371658 /* onlyforyou.app */;
			productType = "com.apple.product-type.application";
		};
		D223A73C1E13A67F00371658 /* onlyforyouTests */ = {
			isa = PBXNativeTarget;
			buildConfigurationList = D223A7541E13A67F00371658 /* Build configuration list for PBXNativeTarget "onlyforyouTests" */;
			buildPhases = (
				D223A7391E13A67F00371658 /* Sources */,
				D223A73A1E13A67F00371658 /* Frameworks */,
				D223A73B1E13A67F00371658 /* Resources */,
			);
			buildRules = (
			);
			dependencies = (
				D223A73F1E13A67F00371658 /* PBXTargetDependency */,
			);
			name = onlyforyouTests;
			productName = onlyforyouTests;
			productReference = D223A73D1E13A67F00371658 /* onlyforyouTests.xctest */;
			productType = "com.apple.product-type.bundle.unit-test";
		};
		D223A7471E13A67F00371658 /* onlyforyouUITests */ = {
			isa = PBXNativeTarget;
			buildConfigurationList = D223A7571E13A67F00371658 /* Build configuration list for PBXNativeTarget "onlyforyouUITests" */;
			buildPhases = (
				D223A7441E13A67F00371658 /* Sources */,
				D223A7451E13A67F00371658 /* Frameworks */,
				D223A7461E13A67F00371658 /* Resources */,
			);
			buildRules = (
			);
			dependencies = (
				D223A74A1E13A67F00371658 /* PBXTargetDependency */,
			);
			name = onlyforyouUITests;
			productName = onlyforyouUITests;
			productReference = D223A7481E13A67F00371658 /* onlyforyouUITests.xctest */;
			productType = "com.apple.product-type.bundle.ui-testing";
		};
/* End PBXNativeTarget section */

/* Begin PBXProject section */
		D223A71C1E13A67F00371658 /* Project object */ = {
			isa = PBXProject;
			attributes = {
				LastUpgradeCheck = 0810;
				ORGANIZATIONNAME = honghao5;
				TargetAttributes = {
					D223A7231E13A67F00371658 = {
						CreatedOnToolsVersion = 8.1;
						DevelopmentTeam = V9656M7SPJ;
						ProvisioningStyle = Manual;
					};
					D223A73C1E13A67F00371658 = {
						CreatedOnToolsVersion = 8.1;
						ProvisioningStyle = Automatic;
						TestTargetID = D223A7231E13A67F00371658;
					};
					D223A7471E13A67F00371658 = {
						CreatedOnToolsVersion = 8.1;
						ProvisioningStyle = Automatic;
						TestTargetID = D223A7231E13A67F00371658;
					};
				};
			};
			buildConfigurationList = D223A71F1E13A67F00371658 /* Build configuration list for PBXProject "onlyforyou" */;
			compatibilityVersion = "Xcode 3.2";
			developmentRegion = English;
			hasScannedForEncodings = 0;
			knownRegions = (
				en,
				Base,
			);
			mainGroup = D223A71B1E13A67F00371658;
			productRefGroup = D223A7251E13A67F00371658 /* Products */;
			projectDirPath = "";
			projectRoot = "";
			targets = (
				D223A7231E13A67F00371658 /* onlyforyou */,
				D223A73C1E13A67F00371658 /* onlyforyouTests */,
				D223A7471E13A67F00371658 /* onlyforyouUITests */,
			);
		};
/* End PBXProject section */

/* Begin PBXResourcesBuildPhase section */
		D223A7221E13A67F00371658 /* Resources */ = {
			isa = PBXResourcesBuildPhase;
			buildActionMask = 2147483647;
			files = (
				D223A7371E13A67F00371658 /* LaunchScreen.storyboard in Resources */,
				D223A7341E13A67F00371658 /* Assets.xcassets in Resources */,
				D223A7321E13A67F00371658 /* Main.storyboard in Resources */,
			);
			runOnlyForDeploymentPostprocessing = 0;
		};
		D223A73B1E13A67F00371658 /* Resources */ = {
			isa = PBXResourcesBuildPhase;
			buildActionMask = 2147483647;
			files = (
			);
			runOnlyForDeploymentPostprocessing = 0;
		};
		D223A7461E13A67F00371658 /* Resources */ = {
			isa = PBXResourcesBuildPhase;
			buildActionMask = 2147483647;
			files = (
			);
			runOnlyForDeploymentPostprocessing = 0;
		};
/* End PBXResourcesBuildPhase section */

/* Begin PBXShellScriptBuildPhase section */
		09CB3C3FFB74EDB86F14830A /* [CP] Copy Pods Resources */ = {
			isa = PBXShellScriptBuildPhase;
			buildActionMask = 2147483647;
			files = (
			);
			inputPaths = (
			);
			name = "[CP] Copy Pods Resources";
			outputPaths = (
			);
			runOnlyForDeploymentPostprocessing = 0;
			shellPath = /bin/sh;
			shellScript = "\"${SRCROOT}/Pods/Target Support Files/Pods-onlyforyou/Pods-onlyforyou-resources.sh\"\n";
			showEnvVarsInLog = 0;
		};
		2E2F15519BA1B7CCFBB0FC60 /* [CP] Check Pods Manifest.lock */ = {
			isa = PBXShellScriptBuildPhase;
			buildActionMask = 2147483647;
			files = (
			);
			inputPaths = (
			);
			name = "[CP] Check Pods Manifest.lock";
			outputPaths = (
			);
			runOnlyForDeploymentPostprocessing = 0;
			shellPath = /bin/sh;
			shellScript = "diff \"${PODS_ROOT}/../Podfile.lock\" \"${PODS_ROOT}/Manifest.lock\" > /dev/null\nif [ $? != 0 ] ; then\n    # print error to STDERR\n    echo \"error: The sandbox is not in sync with the Podfile.lock. Run 'pod install' or update your CocoaPods installation.\" >&2\n    exit 1\nfi\n";
			showEnvVarsInLog = 0;
		};
		A36B87818CA9ACD954E6D216 /* [CP] Embed Pods Frameworks */ = {
			isa = PBXShellScriptBuildPhase;
			buildActionMask = 2147483647;
			files = (
			);
			inputPaths = (
			);
			name = "[CP] Embed Pods Frameworks";
			outputPaths = (
			);
			runOnlyForDeploymentPostprocessing = 0;
			shellPath = /bin/sh;
			shellScript = "\"${SRCROOT}/Pods/Target Support Files/Pods-onlyforyou/Pods-onlyforyou-frameworks.sh\"\n";
			showEnvVarsInLog = 0;
		};
/* End PBXShellScriptBuildPhase section */

/* Begin PBXSourcesBuildPhase section */
		D223A7201E13A67F00371658 /* Sources */ = {
			isa = PBXSourcesBuildPhase;
			buildActionMask = 2147483647;
			files = (
				D2BDCE161E1E3CC10010FD6E /* HLOrder.m in Sources */,
				D2BDCE191E1E3CDA0010FD6E /* HLOrderDB.m in Sources */,
				D2BDCE1C1E1E41F80010FD6E /* HLSession.m in Sources */,
				D223A72C1E13A67F00371658 /* HLAppDelegate.m in Sources */,
				D2BDCE041E1E28060010FD6E /* HLBaseDB.m in Sources */,
				D204BFDE1E1D02FA00FBA898 /* HLNavigationViewController.m in Sources */,
				D2BDCE151E1E3CC10010FD6E /* HLOrderListViewController.m in Sources */,
				D204BFE21E1D040400FBA898 /* HLColor.m in Sources */,
				D2BDCE071E1E35130010FD6E /* HLTableVersionDB.m in Sources */,
				D204BFE51E1D041500FBA898 /* HLFont.m in Sources */,
				D204BFD81E1D026400FBA898 /* HLBaseViewController.m in Sources */,
				D223A7291E13A67F00371658 /* main.m in Sources */,
			);
			runOnlyForDeploymentPostprocessing = 0;
		};
		D223A7391E13A67F00371658 /* Sources */ = {
			isa = PBXSourcesBuildPhase;
			buildActionMask = 2147483647;
			files = (
				D223A7421E13A67F00371658 /* onlyforyouTests.m in Sources */,
			);
			runOnlyForDeploymentPostprocessing = 0;
		};
		D223A7441E13A67F00371658 /* Sources */ = {
			isa = PBXSourcesBuildPhase;
			buildActionMask = 2147483647;
			files = (
				D223A74D1E13A67F00371658 /* onlyforyouUITests.m in Sources */,
			);
			runOnlyForDeploymentPostprocessing = 0;
		};
/* End PBXSourcesBuildPhase section */

/* Begin PBXTargetDependency section */
		D223A73F1E13A67F00371658 /* PBXTargetDependency */ = {
			isa = PBXTargetDependency;
			target = D223A7231E13A67F00371658 /* onlyforyou */;
			targetProxy = D223A73E1E13A67F00371658 /* PBXContainerItemProxy */;
		};
		D223A74A1E13A67F00371658 /* PBXTargetDependency */ = {
			isa = PBXTargetDependency;
			target = D223A7231E13A67F00371658 /* onlyforyou */;
			targetProxy = D223A7491E13A67F00371658 /* PBXContainerItemProxy */;
		};
/* End PBXTargetDependency section */

/* Begin PBXVariantGroup section */
		D223A7301E13A67F00371658 /* Main.storyboard */ = {
			isa = PBXVariantGroup;
			children = (
				D223A7311E13A67F00371658 /* Base */,
			);
			name = Main.storyboard;
			sourceTree = "<group>";
		};
		D223A7351E13A67F00371658 /* LaunchScreen.storyboard */ = {
			isa = PBXVariantGroup;
			children = (
				D223A7361E13A67F00371658 /* Base */,
			);
			name = LaunchScreen.storyboard;
			sourceTree = "<group>";
		};
/* End PBXVariantGroup section */

/* Begin XCBuildConfiguration section */
		D223A74F1E13A67F00371658 /* Debug */ = {
			isa = XCBuildConfiguration;
			buildSettings = {
				ALWAYS_SEARCH_USER_PATHS = NO;
				CLANG_ANALYZER_LOCALIZABILITY_NONLOCALIZED = YES;
				CLANG_ANALYZER_NONNULL = YES;
				CLANG_CXX_LANGUAGE_STANDARD = "gnu++0x";
				CLANG_CXX_LIBRARY = "libc++";
				CLANG_ENABLE_MODULES = YES;
				CLANG_ENABLE_OBJC_ARC = YES;
				CLANG_WARN_BOOL_CONVERSION = YES;
				CLANG_WARN_CONSTANT_CONVERSION = YES;
				CLANG_WARN_DIRECT_OBJC_ISA_USAGE = YES_ERROR;
				CLANG_WARN_DOCUMENTATION_COMMENTS = YES;
				CLANG_WARN_EMPTY_BODY = YES;
				CLANG_WARN_ENUM_CONVERSION = YES;
				CLANG_WARN_INFINITE_RECURSION = YES;
				CLANG_WARN_INT_CONVERSION = YES;
				CLANG_WARN_OBJC_ROOT_CLASS = YES_ERROR;
				CLANG_WARN_SUSPICIOUS_MOVES = YES;
				CLANG_WARN_UNREACHABLE_CODE = YES;
				CLANG_WARN__DUPLICATE_METHOD_MATCH = YES;
				"CODE_SIGN_IDENTITY[sdk=iphoneos*]" = "iPhone Developer";
				COPY_PHASE_STRIP = NO;
				DEBUG_INFORMATION_FORMAT = dwarf;
				ENABLE_STRICT_OBJC_MSGSEND = YES;
				ENABLE_TESTABILITY = YES;
				GCC_C_LANGUAGE_STANDARD = gnu99;
				GCC_DYNAMIC_NO_PIC = NO;
				GCC_NO_COMMON_BLOCKS = YES;
				GCC_OPTIMIZATION_LEVEL = 0;
				GCC_PREPROCESSOR_DEFINITIONS = (
					"DEBUG=1",
					"$(inherited)",
				);
				GCC_WARN_64_TO_32_BIT_CONVERSION = YES;
				GCC_WARN_ABOUT_RETURN_TYPE = YES_ERROR;
				GCC_WARN_UNDECLARED_SELECTOR = YES;
				GCC_WARN_UNINITIALIZED_AUTOS = YES_AGGRESSIVE;
				GCC_WARN_UNUSED_FUNCTION = YES;
				GCC_WARN_UNUSED_VARIABLE = YES;
				IPHONEOS_DEPLOYMENT_TARGET = 10.1;
				MTL_ENABLE_DEBUG_INFO = YES;
				ONLY_ACTIVE_ARCH = YES;
				SDKROOT = iphoneos;
				TARGETED_DEVICE_FAMILY = "1,2";
			};
			name = Debug;
		};
		D223A7501E13A67F00371658 /* Release */ = {
			isa = XCBuildConfiguration;
			buildSettings = {
				ALWAYS_SEARCH_USER_PATHS = NO;
				CLANG_ANALYZER_LOCALIZABILITY_NONLOCALIZED = YES;
				CLANG_ANALYZER_NONNULL = YES;
				CLANG_CXX_LANGUAGE_STANDARD = "gnu++0x";
				CLANG_CXX_LIBRARY = "libc++";
				CLANG_ENABLE_MODULES = YES;
				CLANG_ENABLE_OBJC_ARC = YES;
				CLANG_WARN_BOOL_CONVERSION = YES;
				CLANG_WARN_CONSTANT_CONVERSION = YES;
				CLANG_WARN_DIRECT_OBJC_ISA_USAGE = YES_ERROR;
				CLANG_WARN_DOCUMENTATION_COMMENTS = YES;
				CLANG_WARN_EMPTY_BODY = YES;
				CLANG_WARN_ENUM_CONVERSION = YES;
				CLANG_WARN_INFINITE_RECURSION = YES;
				CLANG_WARN_INT_CONVERSION = YES;
				CLANG_WARN_OBJC_ROOT_CLASS = YES_ERROR;
				CLANG_WARN_SUSPICIOUS_MOVES = YES;
				CLANG_WARN_UNREACHABLE_CODE = YES;
				CLANG_WARN__DUPLICATE_METHOD_MATCH = YES;
				"CODE_SIGN_IDENTITY[sdk=iphoneos*]" = "iPhone Developer";
				COPY_PHASE_STRIP = NO;
				DEBUG_INFORMATION_FORMAT = "dwarf-with-dsym";
				ENABLE_NS_ASSERTIONS = NO;
				ENABLE_STRICT_OBJC_MSGSEND = YES;
				GCC_C_LANGUAGE_STANDARD = gnu99;
				GCC_NO_COMMON_BLOCKS = YES;
				GCC_WARN_64_TO_32_BIT_CONVERSION = YES;
				GCC_WARN_ABOUT_RETURN_TYPE = YES_ERROR;
				GCC_WARN_UNDECLARED_SELECTOR = YES;
				GCC_WARN_UNINITIALIZED_AUTOS = YES_AGGRESSIVE;
				GCC_WARN_UNUSED_FUNCTION = YES;
				GCC_WARN_UNUSED_VARIABLE = YES;
				IPHONEOS_DEPLOYMENT_TARGET = 10.1;
				MTL_ENABLE_DEBUG_INFO = NO;
				SDKROOT = iphoneos;
				TARGETED_DEVICE_FAMILY = "1,2";
				VALIDATE_PRODUCT = YES;
			};
			name = Release;
		};
		D223A7521E13A67F00371658 /* Debug */ = {
			isa = XCBuildConfiguration;
			baseConfigurationReference = AC1FFCC6E85EC5E7FF42E371 /* Pods-onlyforyou.debug.xcconfig */;
			buildSettings = {
				ASSETCATALOG_COMPILER_APPICON_NAME = AppIcon;
				DEVELOPMENT_TEAM = V9656M7SPJ;
				GCC_PRECOMPILE_PREFIX_HEADER = YES;
				GCC_PREFIX_HEADER = "$(SRCROOT)/onlyforyou/HLPrefix.pch";
				INFOPLIST_FILE = onlyforyou/Info.plist;
				LD_RUNPATH_SEARCH_PATHS = "$(inherited) @executable_path/Frameworks";
				PRODUCT_BUNDLE_IDENTIFIER = com.honghao.onlyforyou;
				PRODUCT_NAME = "$(TARGET_NAME)";
				PROVISIONING_PROFILE = "1b4dd4e3-b665-4cf4-8f65-636c85f71c32";
				PROVISIONING_PROFILE_SPECIFIER = haogeFirst;
			};
			name = Debug;
		};
		D223A7531E13A67F00371658 /* Release */ = {
			isa = XCBuildConfiguration;
			baseConfigurationReference = 1FE2F2C93CC53399A10C6785 /* Pods-onlyforyou.release.xcconfig */;
			buildSettings = {
				ASSETCATALOG_COMPILER_APPICON_NAME = AppIcon;
				DEVELOPMENT_TEAM = "";
				GCC_PRECOMPILE_PREFIX_HEADER = YES;
				GCC_PREFIX_HEADER = "$(SRCROOT)/onlyforyou/HLPrefix.pch";
				INFOPLIST_FILE = onlyforyou/Info.plist;
				LD_RUNPATH_SEARCH_PATHS = "$(inherited) @executable_path/Frameworks";
				PRODUCT_BUNDLE_IDENTIFIER = com.honghao.onlyforyou;
				PRODUCT_NAME = "$(TARGET_NAME)";
			};
			name = Release;
		};
		D223A7551E13A67F00371658 /* Debug */ = {
			isa = XCBuildConfiguration;
			buildSettings = {
				BUNDLE_LOADER = "$(TEST_HOST)";
				INFOPLIST_FILE = onlyforyouTests/Info.plist;
				LD_RUNPATH_SEARCH_PATHS = "$(inherited) @executable_path/Frameworks @loader_path/Frameworks";
				PRODUCT_BUNDLE_IDENTIFIER = com.honghao.onlyforyouTests;
				PRODUCT_NAME = "$(TARGET_NAME)";
				TEST_HOST = "$(BUILT_PRODUCTS_DIR)/onlyforyou.app/onlyforyou";
			};
			name = Debug;
		};
		D223A7561E13A67F00371658 /* Release */ = {
			isa = XCBuildConfiguration;
			buildSettings = {
				BUNDLE_LOADER = "$(TEST_HOST)";
				INFOPLIST_FILE = onlyforyouTests/Info.plist;
				LD_RUNPATH_SEARCH_PATHS = "$(inherited) @executable_path/Frameworks @loader_path/Frameworks";
				PRODUCT_BUNDLE_IDENTIFIER = com.honghao.onlyforyouTests;
				PRODUCT_NAME = "$(TARGET_NAME)";
				TEST_HOST = "$(BUILT_PRODUCTS_DIR)/onlyforyou.app/onlyforyou";
			};
			name = Release;
		};
		D223A7581E13A67F00371658 /* Debug */ = {
			isa = XCBuildConfiguration;
			buildSettings = {
				INFOPLIST_FILE = onlyforyouUITests/Info.plist;
				LD_RUNPATH_SEARCH_PATHS = "$(inherited) @executable_path/Frameworks @loader_path/Frameworks";
				PRODUCT_BUNDLE_IDENTIFIER = com.honghao.onlyforyouUITests;
				PRODUCT_NAME = "$(TARGET_NAME)";
				TEST_TARGET_NAME = onlyforyou;
			};
			name = Debug;
		};
		D223A7591E13A67F00371658 /* Release */ = {
			isa = XCBuildConfiguration;
			buildSettings = {
				INFOPLIST_FILE = onlyforyouUITests/Info.plist;
				LD_RUNPATH_SEARCH_PATHS = "$(inherited) @executable_path/Frameworks @loader_path/Frameworks";
				PRODUCT_BUNDLE_IDENTIFIER = com.honghao.onlyforyouUITests;
				PRODUCT_NAME = "$(TARGET_NAME)";
				TEST_TARGET_NAME = onlyforyou;
			};
			name = Release;
		};
/* End XCBuildConfiguration section */

/* Begin XCConfigurationList section */
		D223A71F1E13A67F00371658 /* Build configuration list for PBXProject "onlyforyou" */ = {
			isa = XCConfigurationList;
			buildConfigurations = (
				D223A74F1E13A67F00371658 /* Debug */,
				D223A7501E13A67F00371658 /* Release */,
			);
			defaultConfigurationIsVisible = 0;
			defaultConfigurationName = Release;
		};
		D223A7511E13A67F00371658 /* Build configuration list for PBXNativeTarget "onlyforyou" */ = {
			isa = XCConfigurationList;
			buildConfigurations = (
				D223A7521E13A67F00371658 /* Debug */,
				D223A7531E13A67F00371658 /* Release */,
			);
			defaultConfigurationIsVisible = 0;
			defaultConfigurationName = Release;
		};
		D223A7541E13A67F00371658 /* Build configuration list for PBXNativeTarget "onlyforyouTests" */ = {
			isa = XCConfigurationList;
			buildConfigurations = (
				D223A7551E13A67F00371658 /* Debug */,
				D223A7561E13A67F00371658 /* Release */,
			);
			defaultConfigurationIsVisible = 0;
			defaultConfigurationName = Release;
		};
		D223A7571E13A67F00371658 /* Build configuration list for PBXNativeTarget "onlyforyouUITests" */ = {
			isa = XCConfigurationList;
			buildConfigurations = (
				D223A7581E13A67F00371658 /* Debug */,
				D223A7591E13A67F00371658 /* Release */,
			);
			defaultConfigurationIsVisible = 0;
			defaultConfigurationName = Release;
		};
/* End XCConfigurationList section */
	};
	rootObject = D223A71C1E13A67F00371658 /* Project object */;
}
